// !$*UTF8*$!
{
	archiveVersion = 1;
	classes = {
	};
	objectVersion = 50;
	objects = {

/* Begin PBXBuildFile section */
		1E4295FB2B91FD4FD7378F37 /* Pods_RxSwiftWithMVVMTests.framework in Frameworks */ = {isa = PBXBuildFile; fileRef = 1B1FE9B1B10DA62341CB0C14 /* Pods_RxSwiftWithMVVMTests.framework */; };
		4D2EF09D2844679DA8BA03A6 /* Pods_RxSwiftWithMVVM.framework in Frameworks */ = {isa = PBXBuildFile; fileRef = 37DE49D1547E54447C6D70B2 /* Pods_RxSwiftWithMVVM.framework */; };
		8F29700521EC9E4D00392091 /* AppDelegate.swift in Sources */ = {isa = PBXBuildFile; fileRef = 8F29700421EC9E4D00392091 /* AppDelegate.swift */; };
		8F29700721EC9E4D00392091 /* ViewController.swift in Sources */ = {isa = PBXBuildFile; fileRef = 8F29700621EC9E4D00392091 /* ViewController.swift */; };
		8F29700A21EC9E4D00392091 /* Main.storyboard in Resources */ = {isa = PBXBuildFile; fileRef = 8F29700821EC9E4D00392091 /* Main.storyboard */; };
		8F29700C21EC9E4E00392091 /* Assets.xcassets in Resources */ = {isa = PBXBuildFile; fileRef = 8F29700B21EC9E4E00392091 /* Assets.xcassets */; };
		8F29700F21EC9E4E00392091 /* LaunchScreen.storyboard in Resources */ = {isa = PBXBuildFile; fileRef = 8F29700D21EC9E4E00392091 /* LaunchScreen.storyboard */; };
		8F29701A21EC9E4E00392091 /* RxSwiftWithMVVMTests.swift in Sources */ = {isa = PBXBuildFile; fileRef = 8F29701921EC9E4E00392091 /* RxSwiftWithMVVMTests.swift */; };
		8F29702521EC9E4E00392091 /* RxSwiftWithMVVMUITests.swift in Sources */ = {isa = PBXBuildFile; fileRef = 8F29702421EC9E4E00392091 /* RxSwiftWithMVVMUITests.swift */; };
		8F29703921ECA45E00392091 /* RepositoriesViewController.swift in Sources */ = {isa = PBXBuildFile; fileRef = 8F29703821ECA45E00392091 /* RepositoriesViewController.swift */; };
		8F29703B21ECA4AA00392091 /* RepositoriesViewModel.swift in Sources */ = {isa = PBXBuildFile; fileRef = 8F29703A21ECA4AA00392091 /* RepositoriesViewModel.swift */; };
		8F29703D21ECA4D900392091 /* Repository.swift in Sources */ = {isa = PBXBuildFile; fileRef = 8F29703C21ECA4D900392091 /* Repository.swift */; };
		8F29703F21ECA4F300392091 /* APIManager.swift in Sources */ = {isa = PBXBuildFile; fileRef = 8F29703E21ECA4F300392091 /* APIManager.swift */; };
		94B138792A935EF97496C13A /* Pods_RxSwiftWithMVVMUITests.framework in Frameworks */ = {isa = PBXBuildFile; fileRef = DB7A9A3C6E2D946650566EEF /* Pods_RxSwiftWithMVVMUITests.framework */; };
/* End PBXBuildFile section */

/* Begin PBXContainerItemProxy section */
		8F29701621EC9E4E00392091 /* PBXContainerItemProxy */ = {
			isa = PBXContainerItemProxy;
			containerPortal = 8F296FF921EC9E4D00392091 /* Project object */;
			proxyType = 1;
			remoteGlobalIDString = 8F29700021EC9E4D00392091;
			remoteInfo = RxSwiftWithMVVM;
		};
		8F29702121EC9E4E00392091 /* PBXContainerItemProxy */ = {
			isa = PBXContainerItemProxy;
			containerPortal = 8F296FF921EC9E4D00392091 /* Project object */;
			proxyType = 1;
			remoteGlobalIDString = 8F29700021EC9E4D00392091;
			remoteInfo = RxSwiftWithMVVM;
		};
/* End PBXContainerItemProxy section */

/* Begin PBXFileReference section */
		00E632354110DB742F30875A /* Pods-RxSwiftWithMVVMTests.release.xcconfig */ = {isa = PBXFileReference; includeInIndex = 1; lastKnownFileType = text.xcconfig; name = "Pods-RxSwiftWithMVVMTests.release.xcconfig"; path = "Pods/Target Support Files/Pods-RxSwiftWithMVVMTests/Pods-RxSwiftWithMVVMTests.release.xcconfig"; sourceTree = "<group>"; };
		03AEE3E676AE3E71A44F1D3C /* Pods-RxSwiftWithMVVM.release.xcconfig */ = {isa = PBXFileReference; includeInIndex = 1; lastKnownFileType = text.xcconfig; name = "Pods-RxSwiftWithMVVM.release.xcconfig"; path = "Pods/Target Support Files/Pods-RxSwiftWithMVVM/Pods-RxSwiftWithMVVM.release.xcconfig"; sourceTree = "<group>"; };
		1B1FE9B1B10DA62341CB0C14 /* Pods_RxSwiftWithMVVMTests.framework */ = {isa = PBXFileReference; explicitFileType = wrapper.framework; includeInIndex = 0; path = Pods_RxSwiftWithMVVMTests.framework; sourceTree = BUILT_PRODUCTS_DIR; };
		1BDBFA3E1294CEADAB42C343 /* Pods-RxSwiftWithMVVMUITests.debug.xcconfig */ = {isa = PBXFileReference; includeInIndex = 1; lastKnownFileType = text.xcconfig; name = "Pods-RxSwiftWithMVVMUITests.debug.xcconfig"; path = "Pods/Target Support Files/Pods-RxSwiftWithMVVMUITests/Pods-RxSwiftWithMVVMUITests.debug.xcconfig"; sourceTree = "<group>"; };
		37DE49D1547E54447C6D70B2 /* Pods_RxSwiftWithMVVM.framework */ = {isa = PBXFileReference; explicitFileType = wrapper.framework; includeInIndex = 0; path = Pods_RxSwiftWithMVVM.framework; sourceTree = BUILT_PRODUCTS_DIR; };
		5244CD64E95D220C28F937BA /* Pods-RxSwiftWithMVVMTests.debug.xcconfig */ = {isa = PBXFileReference; includeInIndex = 1; lastKnownFileType = text.xcconfig; name = "Pods-RxSwiftWithMVVMTests.debug.xcconfig"; path = "Pods/Target Support Files/Pods-RxSwiftWithMVVMTests/Pods-RxSwiftWithMVVMTests.debug.xcconfig"; sourceTree = "<group>"; };
		7C82EE494DACC7E87C91240F /* Pods-RxSwiftWithMVVM.debug.xcconfig */ = {isa = PBXFileReference; includeInIndex = 1; lastKnownFileType = text.xcconfig; name = "Pods-RxSwiftWithMVVM.debug.xcconfig"; path = "Pods/Target Support Files/Pods-RxSwiftWithMVVM/Pods-RxSwiftWithMVVM.debug.xcconfig"; sourceTree = "<group>"; };
		8F29700121EC9E4D00392091 /* RxSwiftWithMVVM.app */ = {isa = PBXFileReference; explicitFileType = wrapper.application; includeInIndex = 0; path = RxSwiftWithMVVM.app; sourceTree = BUILT_PRODUCTS_DIR; };
		8F29700421EC9E4D00392091 /* AppDelegate.swift */ = {isa = PBXFileReference; lastKnownFileType = sourcecode.swift; path = AppDelegate.swift; sourceTree = "<group>"; };
		8F29700621EC9E4D00392091 /* ViewController.swift */ = {isa = PBXFileReference; lastKnownFileType = sourcecode.swift; path = ViewController.swift; sourceTree = "<group>"; };
		8F29700921EC9E4D00392091 /* Base */ = {isa = PBXFileReference; lastKnownFileType = file.storyboard; name = Base; path = Base.lproj/Main.storyboard; sourceTree = "<group>"; };
		8F29700B21EC9E4E00392091 /* Assets.xcassets */ = {isa = PBXFileReference; lastKnownFileType = folder.assetcatalog; path = Assets.xcassets; sourceTree = "<group>"; };
		8F29700E21EC9E4E00392091 /* Base */ = {isa = PBXFileReference; lastKnownFileType = file.storyboard; name = Base; path = Base.lproj/LaunchScreen.storyboard; sourceTree = "<group>"; };
		8F29701021EC9E4E00392091 /* Info.plist */ = {isa = PBXFileReference; lastKnownFileType = text.plist.xml; path = Info.plist; sourceTree = "<group>"; };
		8F29701521EC9E4E00392091 /* RxSwiftWithMVVMTests.xctest */ = {isa = PBXFileReference; explicitFileType = wrapper.cfbundle; includeInIndex = 0; path = RxSwiftWithMVVMTests.xctest; sourceTree = BUILT_PRODUCTS_DIR; };
		8F29701921EC9E4E00392091 /* RxSwiftWithMVVMTests.swift */ = {isa = PBXFileReference; lastKnownFileType = sourcecode.swift; path = RxSwiftWithMVVMTests.swift; sourceTree = "<group>"; };
		8F29701B21EC9E4E00392091 /* Info.plist */ = {isa = PBXFileReference; lastKnownFileType = text.plist.xml; path = Info.plist; sourceTree = "<group>"; };
		8F29702021EC9E4E00392091 /* RxSwiftWithMVVMUITests.xctest */ = {isa = PBXFileReference; explicitFileType = wrapper.cfbundle; includeInIndex = 0; path = RxSwiftWithMVVMUITests.xctest; sourceTree = BUILT_PRODUCTS_DIR; };
		8F29702421EC9E4E00392091 /* RxSwiftWithMVVMUITests.swift */ = {isa = PBXFileReference; lastKnownFileType = sourcecode.swift; path = RxSwiftWithMVVMUITests.swift; sourceTree = "<group>"; };
		8F29702621EC9E4E00392091 /* Info.plist */ = {isa = PBXFileReference; lastKnownFileType = text.plist.xml; path = Info.plist; sourceTree = "<group>"; };
		8F29703821ECA45E00392091 /* RepositoriesViewController.swift */ = {isa = PBXFileReference; lastKnownFileType = sourcecode.swift; path = RepositoriesViewController.swift; sourceTree = "<group>"; };
		8F29703A21ECA4AA00392091 /* RepositoriesViewModel.swift */ = {isa = PBXFileReference; lastKnownFileType = sourcecode.swift; path = RepositoriesViewModel.swift; sourceTree = "<group>"; };
		8F29703C21ECA4D900392091 /* Repository.swift */ = {isa = PBXFileReference; lastKnownFileType = sourcecode.swift; path = Repository.swift; sourceTree = "<group>"; };
		8F29703E21ECA4F300392091 /* APIManager.swift */ = {isa = PBXFileReference; lastKnownFileType = sourcecode.swift; path = APIManager.swift; sourceTree = "<group>"; };
		BAC323469052FB4631D1D2FD /* Pods-RxSwiftWithMVVMUITests.release.xcconfig */ = {isa = PBXFileReference; includeInIndex = 1; lastKnownFileType = text.xcconfig; name = "Pods-RxSwiftWithMVVMUITests.release.xcconfig"; path = "Pods/Target Support Files/Pods-RxSwiftWithMVVMUITests/Pods-RxSwiftWithMVVMUITests.release.xcconfig"; sourceTree = "<group>"; };
		DB7A9A3C6E2D946650566EEF /* Pods_RxSwiftWithMVVMUITests.framework */ = {isa = PBXFileReference; explicitFileType = wrapper.framework; includeInIndex = 0; path = Pods_RxSwiftWithMVVMUITests.framework; sourceTree = BUILT_PRODUCTS_DIR; };
/* End PBXFileReference section */

/* Begin PBXFrameworksBuildPhase section */
		8F296FFE21EC9E4D00392091 /* Frameworks */ = {
			isa = PBXFrameworksBuildPhase;
			buildActionMask = 2147483647;
			files = (
				4D2EF09D2844679DA8BA03A6 /* Pods_RxSwiftWithMVVM.framework in Frameworks */,
			);
			runOnlyForDeploymentPostprocessing = 0;
		};
		8F29701221EC9E4E00392091 /* Frameworks */ = {
			isa = PBXFrameworksBuildPhase;
			buildActionMask = 2147483647;
			files = (
				1E4295FB2B91FD4FD7378F37 /* Pods_RxSwiftWithMVVMTests.framework in Frameworks */,
			);
			runOnlyForDeploymentPostprocessing = 0;
		};
		8F29701D21EC9E4E00392091 /* Frameworks */ = {
			isa = PBXFrameworksBuildPhase;
			buildActionMask = 2147483647;
			files = (
				94B138792A935EF97496C13A /* Pods_RxSwiftWithMVVMUITests.framework in Frameworks */,
			);
			runOnlyForDeploymentPostprocessing = 0;
		};
/* End PBXFrameworksBuildPhase section */

/* Begin PBXGroup section */
		8F296FF821EC9E4D00392091 = {
			isa = PBXGroup;
			children = (
				8F29700321EC9E4D00392091 /* RxSwiftWithMVVM */,
				8F29701821EC9E4E00392091 /* RxSwiftWithMVVMTests */,
				8F29702321EC9E4E00392091 /* RxSwiftWithMVVMUITests */,
				8F29700221EC9E4D00392091 /* Products */,
				B3D0300D9B8B6F55F4A811BB /* Pods */,
				DD7AD9F8B1935A5BDE32DA78 /* Frameworks */,
			);
			sourceTree = "<group>";
		};
		8F29700221EC9E4D00392091 /* Products */ = {
			isa = PBXGroup;
			children = (
				8F29700121EC9E4D00392091 /* RxSwiftWithMVVM.app */,
				8F29701521EC9E4E00392091 /* RxSwiftWithMVVMTests.xctest */,
				8F29702021EC9E4E00392091 /* RxSwiftWithMVVMUITests.xctest */,
			);
			name = Products;
			sourceTree = "<group>";
		};
		8F29700321EC9E4D00392091 /* RxSwiftWithMVVM */ = {
			isa = PBXGroup;
			children = (
				8F29704021ECA56300392091 /* Entity */,
				8F29703321ECA3FF00392091 /* Service */,
				8F29703521ECA41600392091 /* View */,
				8F29703421ECA41000392091 /* ViewModel */,
				8F29700421EC9E4D00392091 /* AppDelegate.swift */,
				8F29700821EC9E4D00392091 /* Main.storyboard */,
				8F29700B21EC9E4E00392091 /* Assets.xcassets */,
				8F29700D21EC9E4E00392091 /* LaunchScreen.storyboard */,
				8F29701021EC9E4E00392091 /* Info.plist */,
			);
			path = RxSwiftWithMVVM;
			sourceTree = "<group>";
		};
		8F29701821EC9E4E00392091 /* RxSwiftWithMVVMTests */ = {
			isa = PBXGroup;
			children = (
				8F29701921EC9E4E00392091 /* RxSwiftWithMVVMTests.swift */,
				8F29701B21EC9E4E00392091 /* Info.plist */,
			);
			path = RxSwiftWithMVVMTests;
			sourceTree = "<group>";
		};
		8F29702321EC9E4E00392091 /* RxSwiftWithMVVMUITests */ = {
			isa = PBXGroup;
			children = (
				8F29702421EC9E4E00392091 /* RxSwiftWithMVVMUITests.swift */,
				8F29702621EC9E4E00392091 /* Info.plist */,
			);
			path = RxSwiftWithMVVMUITests;
			sourceTree = "<group>";
		};
		8F29703321ECA3FF00392091 /* Service */ = {
			isa = PBXGroup;
			children = (
				8F29703E21ECA4F300392091 /* APIManager.swift */,
			);
			path = Service;
			sourceTree = "<group>";
		};
		8F29703421ECA41000392091 /* ViewModel */ = {
			isa = PBXGroup;
			children = (
				8F29703721ECA42700392091 /* Repositories */,
			);
			path = ViewModel;
			sourceTree = "<group>";
		};
		8F29703521ECA41600392091 /* View */ = {
			isa = PBXGroup;
			children = (
				8F29700621EC9E4D00392091 /* ViewController.swift */,
				8F29703621ECA41F00392091 /* Repositories */,
			);
			path = View;
			sourceTree = "<group>";
		};
		8F29703621ECA41F00392091 /* Repositories */ = {
			isa = PBXGroup;
			children = (
				8F29703821ECA45E00392091 /* RepositoriesViewController.swift */,
			);
			path = Repositories;
			sourceTree = "<group>";
		};
		8F29703721ECA42700392091 /* Repositories */ = {
			isa = PBXGroup;
			children = (
				8F29703A21ECA4AA00392091 /* RepositoriesViewModel.swift */,
			);
			path = Repositories;
			sourceTree = "<group>";
		};
		8F29704021ECA56300392091 /* Entity */ = {
			isa = PBXGroup;
			children = (
				8F29703C21ECA4D900392091 /* Repository.swift */,
			);
			path = Entity;
			sourceTree = "<group>";
		};
		B3D0300D9B8B6F55F4A811BB /* Pods */ = {
			isa = PBXGroup;
			children = (
				7C82EE494DACC7E87C91240F /* Pods-RxSwiftWithMVVM.debug.xcconfig */,
				03AEE3E676AE3E71A44F1D3C /* Pods-RxSwiftWithMVVM.release.xcconfig */,
				5244CD64E95D220C28F937BA /* Pods-RxSwiftWithMVVMTests.debug.xcconfig */,
				00E632354110DB742F30875A /* Pods-RxSwiftWithMVVMTests.release.xcconfig */,
				1BDBFA3E1294CEADAB42C343 /* Pods-RxSwiftWithMVVMUITests.debug.xcconfig */,
				BAC323469052FB4631D1D2FD /* Pods-RxSwiftWithMVVMUITests.release.xcconfig */,
			);
			name = Pods;
			sourceTree = "<group>";
		};
		DD7AD9F8B1935A5BDE32DA78 /* Frameworks */ = {
			isa = PBXGroup;
			children = (
				37DE49D1547E54447C6D70B2 /* Pods_RxSwiftWithMVVM.framework */,
				1B1FE9B1B10DA62341CB0C14 /* Pods_RxSwiftWithMVVMTests.framework */,
				DB7A9A3C6E2D946650566EEF /* Pods_RxSwiftWithMVVMUITests.framework */,
			);
			name = Frameworks;
			sourceTree = "<group>";
		};
/* End PBXGroup section */

/* Begin PBXNativeTarget section */
		8F29700021EC9E4D00392091 /* RxSwiftWithMVVM */ = {
			isa = PBXNativeTarget;
			buildConfigurationList = 8F29702921EC9E4E00392091 /* Build configuration list for PBXNativeTarget "RxSwiftWithMVVM" */;
			buildPhases = (
				35F350D62AA32B38BECC24A3 /* [CP] Check Pods Manifest.lock */,
				8F296FFD21EC9E4D00392091 /* Sources */,
				8F296FFE21EC9E4D00392091 /* Frameworks */,
				8F296FFF21EC9E4D00392091 /* Resources */,
				11F067DE2EA74CE00091998C /* [CP] Embed Pods Frameworks */,
			);
			buildRules = (
			);
			dependencies = (
			);
			name = RxSwiftWithMVVM;
			productName = RxSwiftWithMVVM;
			productReference = 8F29700121EC9E4D00392091 /* RxSwiftWithMVVM.app */;
			productType = "com.apple.product-type.application";
		};
		8F29701421EC9E4E00392091 /* RxSwiftWithMVVMTests */ = {
			isa = PBXNativeTarget;
			buildConfigurationList = 8F29702C21EC9E4E00392091 /* Build configuration list for PBXNativeTarget "RxSwiftWithMVVMTests" */;
			buildPhases = (
				3A7F76E2D1C091B9AC8CD89B /* [CP] Check Pods Manifest.lock */,
				8F29701121EC9E4E00392091 /* Sources */,
				8F29701221EC9E4E00392091 /* Frameworks */,
				8F29701321EC9E4E00392091 /* Resources */,
			);
			buildRules = (
			);
			dependencies = (
				8F29701721EC9E4E00392091 /* PBXTargetDependency */,
			);
			name = RxSwiftWithMVVMTests;
			productName = RxSwiftWithMVVMTests;
			productReference = 8F29701521EC9E4E00392091 /* RxSwiftWithMVVMTests.xctest */;
			productType = "com.apple.product-type.bundle.unit-test";
		};
		8F29701F21EC9E4E00392091 /* RxSwiftWithMVVMUITests */ = {
			isa = PBXNativeTarget;
			buildConfigurationList = 8F29702F21EC9E4E00392091 /* Build configuration list for PBXNativeTarget "RxSwiftWithMVVMUITests" */;
			buildPhases = (
				1683C938C922295610093021 /* [CP] Check Pods Manifest.lock */,
				8F29701C21EC9E4E00392091 /* Sources */,
				8F29701D21EC9E4E00392091 /* Frameworks */,
				8F29701E21EC9E4E00392091 /* Resources */,
			);
			buildRules = (
			);
			dependencies = (
				8F29702221EC9E4E00392091 /* PBXTargetDependency */,
			);
			name = RxSwiftWithMVVMUITests;
			productName = RxSwiftWithMVVMUITests;
			productReference = 8F29702021EC9E4E00392091 /* RxSwiftWithMVVMUITests.xctest */;
			productType = "com.apple.product-type.bundle.ui-testing";
		};
/* End PBXNativeTarget section */

/* Begin PBXProject section */
		8F296FF921EC9E4D00392091 /* Project object */ = {
			isa = PBXProject;
			attributes = {
				LastSwiftUpdateCheck = 1010;
				LastUpgradeCheck = 1010;
				ORGANIZATIONNAME = supacheonjae;
				TargetAttributes = {
					8F29700021EC9E4D00392091 = {
						CreatedOnToolsVersion = 10.1;
					};
					8F29701421EC9E4E00392091 = {
						CreatedOnToolsVersion = 10.1;
						TestTargetID = 8F29700021EC9E4D00392091;
					};
					8F29701F21EC9E4E00392091 = {
						CreatedOnToolsVersion = 10.1;
						TestTargetID = 8F29700021EC9E4D00392091;
					};
				};
			};
			buildConfigurationList = 8F296FFC21EC9E4D00392091 /* Build configuration list for PBXProject "RxSwiftWithMVVM" */;
			compatibilityVersion = "Xcode 9.3";
			developmentRegion = en;
			hasScannedForEncodings = 0;
			knownRegions = (
				en,
				Base,
			);
			mainGroup = 8F296FF821EC9E4D00392091;
			productRefGroup = 8F29700221EC9E4D00392091 /* Products */;
			projectDirPath = "";
			projectRoot = "";
			targets = (
				8F29700021EC9E4D00392091 /* RxSwiftWithMVVM */,
				8F29701421EC9E4E00392091 /* RxSwiftWithMVVMTests */,
				8F29701F21EC9E4E00392091 /* RxSwiftWithMVVMUITests */,
			);
		};
/* End PBXProject section */

/* Begin PBXResourcesBuildPhase section */
		8F296FFF21EC9E4D00392091 /* Resources */ = {
			isa = PBXResourcesBuildPhase;
			buildActionMask = 2147483647;
			files = (
				8F29700F21EC9E4E00392091 /* LaunchScreen.storyboard in Resources */,
				8F29700C21EC9E4E00392091 /* Assets.xcassets in Resources */,
				8F29700A21EC9E4D00392091 /* Main.storyboard in Resources */,
			);
			runOnlyForDeploymentPostprocessing = 0;
		};
		8F29701321EC9E4E00392091 /* Resources */ = {
			isa = PBXResourcesBuildPhase;
			buildActionMask = 2147483647;
			files = (
			);
			runOnlyForDeploymentPostprocessing = 0;
		};
		8F29701E21EC9E4E00392091 /* Resources */ = {
			isa = PBXResourcesBuildPhase;
			buildActionMask = 2147483647;
			files = (
			);
			runOnlyForDeploymentPostprocessing = 0;
		};
/* End PBXResourcesBuildPhase section */

/* Begin PBXShellScriptBuildPhase section */
		11F067DE2EA74CE00091998C /* [CP] Embed Pods Frameworks */ = {
			isa = PBXShellScriptBuildPhase;
			buildActionMask = 2147483647;
			files = (
			);
			inputFileListPaths = (
			);
			inputPaths = (
				"${SRCROOT}/Pods/Target Support Files/Pods-RxSwiftWithMVVM/Pods-RxSwiftWithMVVM-frameworks.sh",
				"${BUILT_PRODUCTS_DIR}/Alamofire/Alamofire.framework",
				"${BUILT_PRODUCTS_DIR}/ObjectMapper/ObjectMapper.framework",
				"${BUILT_PRODUCTS_DIR}/RxAlamofire/RxAlamofire.framework",
				"${BUILT_PRODUCTS_DIR}/RxAtomic/RxAtomic.framework",
				"${BUILT_PRODUCTS_DIR}/RxCocoa/RxCocoa.framework",
				"${BUILT_PRODUCTS_DIR}/RxSwift/RxSwift.framework",
			);
			name = "[CP] Embed Pods Frameworks";
			outputFileListPaths = (
			);
			outputPaths = (
				"${TARGET_BUILD_DIR}/${FRAMEWORKS_FOLDER_PATH}/Alamofire.framework",
				"${TARGET_BUILD_DIR}/${FRAMEWORKS_FOLDER_PATH}/ObjectMapper.framework",
				"${TARGET_BUILD_DIR}/${FRAMEWORKS_FOLDER_PATH}/RxAlamofire.framework",
				"${TARGET_BUILD_DIR}/${FRAMEWORKS_FOLDER_PATH}/RxAtomic.framework",
				"${TARGET_BUILD_DIR}/${FRAMEWORKS_FOLDER_PATH}/RxCocoa.framework",
				"${TARGET_BUILD_DIR}/${FRAMEWORKS_FOLDER_PATH}/RxSwift.framework",
			);
			runOnlyForDeploymentPostprocessing = 0;
			shellPath = /bin/sh;
			shellScript = "\"${SRCROOT}/Pods/Target Support Files/Pods-RxSwiftWithMVVM/Pods-RxSwiftWithMVVM-frameworks.sh\"\n";
			showEnvVarsInLog = 0;
		};
		1683C938C922295610093021 /* [CP] Check Pods Manifest.lock */ = {
			isa = PBXShellScriptBuildPhase;
			buildActionMask = 2147483647;
			files = (
			);
			inputFileListPaths = (
			);
			inputPaths = (
				"${PODS_PODFILE_DIR_PATH}/Podfile.lock",
				"${PODS_ROOT}/Manifest.lock",
			);
			name = "[CP] Check Pods Manifest.lock";
			outputFileListPaths = (
			);
			outputPaths = (
				"$(DERIVED_FILE_DIR)/Pods-RxSwiftWithMVVMUITests-checkManifestLockResult.txt",
			);
			runOnlyForDeploymentPostprocessing = 0;
			shellPath = /bin/sh;
			shellScript = "diff \"${PODS_PODFILE_DIR_PATH}/Podfile.lock\" \"${PODS_ROOT}/Manifest.lock\" > /dev/null\nif [ $? != 0 ] ; then\n    # print error to STDERR\n    echo \"error: The sandbox is not in sync with the Podfile.lock. Run 'pod install' or update your CocoaPods installation.\" >&2\n    exit 1\nfi\n# This output is used by Xcode 'outputs' to avoid re-running this script phase.\necho \"SUCCESS\" > \"${SCRIPT_OUTPUT_FILE_0}\"\n";
			showEnvVarsInLog = 0;
		};
		35F350D62AA32B38BECC24A3 /* [CP] Check Pods Manifest.lock */ = {
			isa = PBXShellScriptBuildPhase;
			buildActionMask = 2147483647;
			files = (
			);
			inputFileListPaths = (
			);
			inputPaths = (
				"${PODS_PODFILE_DIR_PATH}/Podfile.lock",
				"${PODS_ROOT}/Manifest.lock",
			);
			name = "[CP] Check Pods Manifest.lock";
			outputFileListPaths = (
			);
			outputPaths = (
				"$(DERIVED_FILE_DIR)/Pods-RxSwiftWithMVVM-checkManifestLockResult.txt",
			);
			runOnlyForDeploymentPostprocessing = 0;
			shellPath = /bin/sh;
			shellScript = "diff \"${PODS_PODFILE_DIR_PATH}/Podfile.lock\" \"${PODS_ROOT}/Manifest.lock\" > /dev/null\nif [ $? != 0 ] ; then\n    # print error to STDERR\n    echo \"error: The sandbox is not in sync with the Podfile.lock. Run 'pod install' or update your CocoaPods installation.\" >&2\n    exit 1\nfi\n# This output is used by Xcode 'outputs' to avoid re-running this script phase.\necho \"SUCCESS\" > \"${SCRIPT_OUTPUT_FILE_0}\"\n";
			showEnvVarsInLog = 0;
		};
		3A7F76E2D1C091B9AC8CD89B /* [CP] Check Pods Manifest.lock */ = {
			isa = PBXShellScriptBuildPhase;
			buildActionMask = 2147483647;
			files = (
			);
			inputFileListPaths = (
			);
			inputPaths = (
				"${PODS_PODFILE_DIR_PATH}/Podfile.lock",
				"${PODS_ROOT}/Manifest.lock",
			);
			name = "[CP] Check Pods Manifest.lock";
			outputFileListPaths = (
			);
			outputPaths = (
				"$(DERIVED_FILE_DIR)/Pods-RxSwiftWithMVVMTests-checkManifestLockResult.txt",
			);
			runOnlyForDeploymentPostprocessing = 0;
			shellPath = /bin/sh;
			shellScript = "diff \"${PODS_PODFILE_DIR_PATH}/Podfile.lock\" \"${PODS_ROOT}/Manifest.lock\" > /dev/null\nif [ $? != 0 ] ; then\n    # print error to STDERR\n    echo \"error: The sandbox is not in sync with the Podfile.lock. Run 'pod install' or update your CocoaPods installation.\" >&2\n    exit 1\nfi\n# This output is used by Xcode 'outputs' to avoid re-running this script phase.\necho \"SUCCESS\" > \"${SCRIPT_OUTPUT_FILE_0}\"\n";
			showEnvVarsInLog = 0;
		};
/* End PBXShellScriptBuildPhase section */

/* Begin PBXSourcesBuildPhase section */
		8F296FFD21EC9E4D00392091 /* Sources */ = {
			isa = PBXSourcesBuildPhase;
			buildActionMask = 2147483647;
			files = (
				8F29703F21ECA4F300392091 /* APIManager.swift in Sources */,
				8F29700721EC9E4D00392091 /* ViewController.swift in Sources */,
				8F29700521EC9E4D00392091 /* AppDelegate.swift in Sources */,
				8F29703D21ECA4D900392091 /* Repository.swift in Sources */,
				8F29703B21ECA4AA00392091 /* RepositoriesViewModel.swift in Sources */,
				8F29703921ECA45E00392091 /* RepositoriesViewController.swift in Sources */,
			);
			runOnlyForDeploymentPostprocessing = 0;
		};
		8F29701121EC9E4E00392091 /* Sources */ = {
			isa = PBXSourcesBuildPhase;
			buildActionMask = 2147483647;
			files = (
				8F29701A21EC9E4E00392091 /* RxSwiftWithMVVMTests.swift in Sources */,
			);
			runOnlyForDeploymentPostprocessing = 0;
		};
		8F29701C21EC9E4E00392091 /* Sources */ = {
			isa = PBXSourcesBuildPhase;
			buildActionMask = 2147483647;
			files = (
				8F29702521EC9E4E00392091 /* RxSwiftWithMVVMUITests.swift in Sources */,
			);
			runOnlyForDeploymentPostprocessing = 0;
		};
/* End PBXSourcesBuildPhase section */

/* Begin PBXTargetDependency section */
		8F29701721EC9E4E00392091 /* PBXTargetDependency */ = {
			isa = PBXTargetDependency;
			target = 8F29700021EC9E4D00392091 /* RxSwiftWithMVVM */;
			targetProxy = 8F29701621EC9E4E00392091 /* PBXContainerItemProxy */;
		};
		8F29702221EC9E4E00392091 /* PBXTargetDependency */ = {
			isa = PBXTargetDependency;
			target = 8F29700021EC9E4D00392091 /* RxSwiftWithMVVM */;
			targetProxy = 8F29702121EC9E4E00392091 /* PBXContainerItemProxy */;
		};
/* End PBXTargetDependency section */

/* Begin PBXVariantGroup section */
		8F29700821EC9E4D00392091 /* Main.storyboard */ = {
			isa = PBXVariantGroup;
			children = (
				8F29700921EC9E4D00392091 /* Base */,
			);
			name = Main.storyboard;
			sourceTree = "<group>";
		};
		8F29700D21EC9E4E00392091 /* LaunchScreen.storyboard */ = {
			isa = PBXVariantGroup;
			children = (
				8F29700E21EC9E4E00392091 /* Base */,
			);
			name = LaunchScreen.storyboard;
			sourceTree = "<group>";
		};
/* End PBXVariantGroup section */

/* Begin XCBuildConfiguration section */
		8F29702721EC9E4E00392091 /* Debug */ = {
			isa = XCBuildConfiguration;
			buildSettings = {
				ALWAYS_SEARCH_USER_PATHS = NO;
				CLANG_ANALYZER_NONNULL = YES;
				CLANG_ANALYZER_NUMBER_OBJECT_CONVERSION = YES_AGGRESSIVE;
				CLANG_CXX_LANGUAGE_STANDARD = "gnu++14";
				CLANG_CXX_LIBRARY = "libc++";
				CLANG_ENABLE_MODULES = YES;
				CLANG_ENABLE_OBJC_ARC = YES;
				CLANG_ENABLE_OBJC_WEAK = YES;
				CLANG_WARN_BLOCK_CAPTURE_AUTORELEASING = YES;
				CLANG_WARN_BOOL_CONVERSION = YES;
				CLANG_WARN_COMMA = YES;
				CLANG_WARN_CONSTANT_CONVERSION = YES;
				CLANG_WARN_DEPRECATED_OBJC_IMPLEMENTATIONS = YES;
				CLANG_WARN_DIRECT_OBJC_ISA_USAGE = YES_ERROR;
				CLANG_WARN_DOCUMENTATION_COMMENTS = YES;
				CLANG_WARN_EMPTY_BODY = YES;
				CLANG_WARN_ENUM_CONVERSION = YES;
				CLANG_WARN_INFINITE_RECURSION = YES;
				CLANG_WARN_INT_CONVERSION = YES;
				CLANG_WARN_NON_LITERAL_NULL_CONVERSION = YES;
				CLANG_WARN_OBJC_IMPLICIT_RETAIN_SELF = YES;
				CLANG_WARN_OBJC_LITERAL_CONVERSION = YES;
				CLANG_WARN_OBJC_ROOT_CLASS = YES_ERROR;
				CLANG_WARN_RANGE_LOOP_ANALYSIS = YES;
				CLANG_WARN_STRICT_PROTOTYPES = YES;
				CLANG_WARN_SUSPICIOUS_MOVE = YES;
				CLANG_WARN_UNGUARDED_AVAILABILITY = YES_AGGRESSIVE;
				CLANG_WARN_UNREACHABLE_CODE = YES;
				CLANG_WARN__DUPLICATE_METHOD_MATCH = YES;
				CODE_SIGN_IDENTITY = "iPhone Developer";
				COPY_PHASE_STRIP = NO;
				DEBUG_INFORMATION_FORMAT = dwarf;
				ENABLE_STRICT_OBJC_MSGSEND = YES;
				ENABLE_TESTABILITY = YES;
				GCC_C_LANGUAGE_STANDARD = gnu11;
				GCC_DYNAMIC_NO_PIC = NO;
				GCC_NO_COMMON_BLOCKS = YES;
				GCC_OPTIMIZATION_LEVEL = 0;
				GCC_PREPROCESSOR_DEFINITIONS = (
					"DEBUG=1",
					"$(inherited)",
				);
				GCC_WARN_64_TO_32_BIT_CONVERSION = YES;
				GCC_WARN_ABOUT_RETURN_TYPE = YES_ERROR;
				GCC_WARN_UNDECLARED_SELECTOR = YES;
				GCC_WARN_UNINITIALIZED_AUTOS = YES_AGGRESSIVE;
				GCC_WARN_UNUSED_FUNCTION = YES;
				GCC_WARN_UNUSED_VARIABLE = YES;
				IPHONEOS_DEPLOYMENT_TARGET = 12.1;
				MTL_ENABLE_DEBUG_INFO = INCLUDE_SOURCE;
				MTL_FAST_MATH = YES;
				ONLY_ACTIVE_ARCH = YES;
				SDKROOT = iphoneos;
				SWIFT_ACTIVE_COMPILATION_CONDITIONS = DEBUG;
				SWIFT_OPTIMIZATION_LEVEL = "-Onone";
			};
			name = Debug;
		};
		8F29702821EC9E4E00392091 /* Release */ = {
			isa = XCBuildConfiguration;
			buildSettings = {
				ALWAYS_SEARCH_USER_PATHS = NO;
				CLANG_ANALYZER_NONNULL = YES;
				CLANG_ANALYZER_NUMBER_OBJECT_CONVERSION = YES_AGGRESSIVE;
				CLANG_CXX_LANGUAGE_STANDARD = "gnu++14";
				CLANG_CXX_LIBRARY = "libc++";
				CLANG_ENABLE_MODULES = YES;
				CLANG_ENABLE_OBJC_ARC = YES;
				CLANG_ENABLE_OBJC_WEAK = YES;
				CLANG_WARN_BLOCK_CAPTURE_AUTORELEASING = YES;
				CLANG_WARN_BOOL_CONVERSION = YES;
				CLANG_WARN_COMMA = YES;
				CLANG_WARN_CONSTANT_CONVERSION = YES;
				CLANG_WARN_DEPRECATED_OBJC_IMPLEMENTATIONS = YES;
				CLANG_WARN_DIRECT_OBJC_ISA_USAGE = YES_ERROR;
				CLANG_WARN_DOCUMENTATION_COMMENTS = YES;
				CLANG_WARN_EMPTY_BODY = YES;
				CLANG_WARN_ENUM_CONVERSION = YES;
				CLANG_WARN_INFINITE_RECURSION = YES;
				CLANG_WARN_INT_CONVERSION = YES;
				CLANG_WARN_NON_LITERAL_NULL_CONVERSION = YES;
				CLANG_WARN_OBJC_IMPLICIT_RETAIN_SELF = YES;
				CLANG_WARN_OBJC_LITERAL_CONVERSION = YES;
				CLANG_WARN_OBJC_ROOT_CLASS = YES_ERROR;
				CLANG_WARN_RANGE_LOOP_ANALYSIS = YES;
				CLANG_WARN_STRICT_PROTOTYPES = YES;
				CLANG_WARN_SUSPICIOUS_MOVE = YES;
				CLANG_WARN_UNGUARDED_AVAILABILITY = YES_AGGRESSIVE;
				CLANG_WARN_UNREACHABLE_CODE = YES;
				CLANG_WARN__DUPLICATE_METHOD_MATCH = YES;
				CODE_SIGN_IDENTITY = "iPhone Developer";
				COPY_PHASE_STRIP = NO;
				DEBUG_INFORMATION_FORMAT = "dwarf-with-dsym";
				ENABLE_NS_ASSERTIONS = NO;
				ENABLE_STRICT_OBJC_MSGSEND = YES;
				GCC_C_LANGUAGE_STANDARD = gnu11;
				GCC_NO_COMMON_BLOCKS = YES;
				GCC_WARN_64_TO_32_BIT_CONVERSION = YES;
				GCC_WARN_ABOUT_RETURN_TYPE = YES_ERROR;
				GCC_WARN_UNDECLARED_SELECTOR = YES;
				GCC_WARN_UNINITIALIZED_AUTOS = YES_AGGRESSIVE;
				GCC_WARN_UNUSED_FUNCTION = YES;
				GCC_WARN_UNUSED_VARIABLE = YES;
				IPHONEOS_DEPLOYMENT_TARGET = 12.1;
				MTL_ENABLE_DEBUG_INFO = NO;
				MTL_FAST_MATH = YES;
				SDKROOT = iphoneos;
				SWIFT_COMPILATION_MODE = wholemodule;
				SWIFT_OPTIMIZATION_LEVEL = "-O";
				VALIDATE_PRODUCT = YES;
			};
			name = Release;
		};
		8F29702A21EC9E4E00392091 /* Debug */ = {
			isa = XCBuildConfiguration;
			baseConfigurationReference = 7C82EE494DACC7E87C91240F /* Pods-RxSwiftWithMVVM.debug.xcconfig */;
			buildSettings = {
				ASSETCATALOG_COMPILER_APPICON_NAME = AppIcon;
				CODE_SIGN_STYLE = Automatic;
				INFOPLIST_FILE = RxSwiftWithMVVM/Info.plist;
				LD_RUNPATH_SEARCH_PATHS = (
					"$(inherited)",
					"@executable_path/Frameworks",
				);
				PRODUCT_BUNDLE_IDENTIFIER = com.supacheonjae.RxSwiftWithMVVM;
				PRODUCT_NAME = "$(TARGET_NAME)";
				SWIFT_VERSION = 4.2;
				TARGETED_DEVICE_FAMILY = "1,2";
			};
			name = Debug;
		};
		8F29702B21EC9E4E00392091 /* Release */ = {
			isa = XCBuildConfiguration;
			baseConfigurationReference = 03AEE3E676AE3E71A44F1D3C /* Pods-RxSwiftWithMVVM.release.xcconfig */;
			buildSettings = {
				ASSETCATALOG_COMPILER_APPICON_NAME = AppIcon;
				CODE_SIGN_STYLE = Automatic;
				INFOPLIST_FILE = RxSwiftWithMVVM/Info.plist;
				LD_RUNPATH_SEARCH_PATHS = (
					"$(inherited)",
					"@executable_path/Frameworks",
				);
				PRODUCT_BUNDLE_IDENTIFIER = com.supacheonjae.RxSwiftWithMVVM;
				PRODUCT_NAME = "$(TARGET_NAME)";
				SWIFT_VERSION = 4.2;
				TARGETED_DEVICE_FAMILY = "1,2";
			};
			name = Release;
		};
		8F29702D21EC9E4E00392091 /* Debug */ = {
			isa = XCBuildConfiguration;
			baseConfigurationReference = 5244CD64E95D220C28F937BA /* Pods-RxSwiftWithMVVMTests.debug.xcconfig */;
			buildSettings = {
				ALWAYS_EMBED_SWIFT_STANDARD_LIBRARIES = YES;
				BUNDLE_LOADER = "$(TEST_HOST)";
				CODE_SIGN_STYLE = Automatic;
				INFOPLIST_FILE = RxSwiftWithMVVMTests/Info.plist;
				LD_RUNPATH_SEARCH_PATHS = (
					"$(inherited)",
					"@executable_path/Frameworks",
					"@loader_path/Frameworks",
				);
				PRODUCT_BUNDLE_IDENTIFIER = com.supacheonjae.RxSwiftWithMVVMTests;
				PRODUCT_NAME = "$(TARGET_NAME)";
				SWIFT_VERSION = 4.2;
				TARGETED_DEVICE_FAMILY = "1,2";
				TEST_HOST = "$(BUILT_PRODUCTS_DIR)/RxSwiftWithMVVM.app/RxSwiftWithMVVM";
			};
			name = Debug;
		};
		8F29702E21EC9E4E00392091 /* Release */ = {
			isa = XCBuildConfiguration;
			baseConfigurationReference = 00E632354110DB742F30875A /* Pods-RxSwiftWithMVVMTests.release.xcconfig */;
			buildSettings = {
				ALWAYS_EMBED_SWIFT_STANDARD_LIBRARIES = YES;
				BUNDLE_LOADER = "$(TEST_HOST)";
				CODE_SIGN_STYLE = Automatic;
				INFOPLIST_FILE = RxSwiftWithMVVMTests/Info.plist;
				LD_RUNPATH_SEARCH_PATHS = (
					"$(inherited)",
					"@executable_path/Frameworks",
					"@loader_path/Frameworks",
				);
				PRODUCT_BUNDLE_IDENTIFIER = com.supacheonjae.RxSwiftWithMVVMTests;
				PRODUCT_NAME = "$(TARGET_NAME)";
				SWIFT_VERSION = 4.2;
				TARGETED_DEVICE_FAMILY = "1,2";
				TEST_HOST = "$(BUILT_PRODUCTS_DIR)/RxSwiftWithMVVM.app/RxSwiftWithMVVM";
			};
			name = Release;
		};
		8F29703021EC9E4E00392091 /* Debug */ = {
			isa = XCBuildConfiguration;
			baseConfigurationReference = 1BDBFA3E1294CEADAB42C343 /* Pods-RxSwiftWithMVVMUITests.debug.xcconfig */;
			buildSettings = {
				ALWAYS_EMBED_SWIFT_STANDARD_LIBRARIES = YES;
				CODE_SIGN_STYLE = Automatic;
				INFOPLIST_FILE = RxSwiftWithMVVMUITests/Info.plist;
				LD_RUNPATH_SEARCH_PATHS = (
					"$(inherited)",
					"@executable_path/Frameworks",
					"@loader_path/Frameworks",
				);
				PRODUCT_BUNDLE_IDENTIFIER = com.supacheonjae.RxSwiftWithMVVMUITests;
				PRODUCT_NAME = "$(TARGET_NAME)";
				SWIFT_VERSION = 4.2;
				TARGETED_DEVICE_FAMILY = "1,2";
				TEST_TARGET_NAME = RxSwiftWithMVVM;
			};
			name = Debug;
		};
		8F29703121EC9E4E00392091 /* Release */ = {
			isa = XCBuildConfiguration;
			baseConfigurationReference = BAC323469052FB4631D1D2FD /* Pods-RxSwiftWithMVVMUITests.release.xcconfig */;
			buildSettings = {
				ALWAYS_EMBED_SWIFT_STANDARD_LIBRARIES = YES;
				CODE_SIGN_STYLE = Automatic;
				INFOPLIST_FILE = RxSwiftWithMVVMUITests/Info.plist;
				LD_RUNPATH_SEARCH_PATHS = (
					"$(inherited)",
					"@executable_path/Frameworks",
					"@loader_path/Frameworks",
				);
				PRODUCT_BUNDLE_IDENTIFIER = com.supacheonjae.RxSwiftWithMVVMUITests;
				PRODUCT_NAME = "$(TARGET_NAME)";
				SWIFT_VERSION = 4.2;
				TARGETED_DEVICE_FAMILY = "1,2";
				TEST_TARGET_NAME = RxSwiftWithMVVM;
			};
			name = Release;
		};
/* End XCBuildConfiguration section */

/* Begin XCConfigurationList section */
		8F296FFC21EC9E4D00392091 /* Build configuration list for PBXProject "RxSwiftWithMVVM" */ = {
			isa = XCConfigurationList;
			buildConfigurations = (
				8F29702721EC9E4E00392091 /* Debug */,
				8F29702821EC9E4E00392091 /* Release */,
			);
			defaultConfigurationIsVisible = 0;
			defaultConfigurationName = Release;
		};
		8F29702921EC9E4E00392091 /* Build configuration list for PBXNativeTarget "RxSwiftWithMVVM" */ = {
			isa = XCConfigurationList;
			buildConfigurations = (
				8F29702A21EC9E4E00392091 /* Debug */,
				8F29702B21EC9E4E00392091 /* Release */,
			);
			defaultConfigurationIsVisible = 0;
			defaultConfigurationName = Release;
		};
		8F29702C21EC9E4E00392091 /* Build configuration list for PBXNativeTarget "RxSwiftWithMVVMTests" */ = {
			isa = XCConfigurationList;
			buildConfigurations = (
				8F29702D21EC9E4E00392091 /* Debug */,
				8F29702E21EC9E4E00392091 /* Release */,
			);
			defaultConfigurationIsVisible = 0;
			defaultConfigurationName = Release;
		};
		8F29702F21EC9E4E00392091 /* Build configuration list for PBXNativeTarget "RxSwiftWithMVVMUITests" */ = {
			isa = XCConfigurationList;
			buildConfigurations = (
				8F29703021EC9E4E00392091 /* Debug */,
				8F29703121EC9E4E00392091 /* Release */,
			);
			defaultConfigurationIsVisible = 0;
			defaultConfigurationName = Release;
		};
/* End XCConfigurationList section */
	};
	rootObject = 8F296FF921EC9E4D00392091 /* Project object */;
}
